
Microsoft Visual Studio Solution File, Format Version 12.00
# Visual Studio 15
VisualStudioVersion = 15.0.28010.2026
MinimumVisualStudioVersion = 10.0.40219.1
Project("{FAE04EC0-301F-11D3-BF4B-00C04F79EFBC}") = "UrlBucket", "UrlBucket\UrlBucket.csproj", "{224F1F3B-7EE4-4836-8DCA-B1D1BB43D404}"
EndProject
Project("{FAE04EC0-301F-11D3-BF4B-00C04F79EFBC}") = "UrlBucket.Lib", "UrlBucket.Lib\UrlBucket.Lib.csproj", "{95E8C5A6-81F4-45CD-AC3C-E1B868D48701}"
EndProject
Global
	GlobalSection(SolutionConfigurationPlatforms) = preSolution
		Debug|Any CPU = Debug|Any CPU
		Release|Any CPU = Release|Any CPU
	EndGlobalSection
	GlobalSection(ProjectConfigurationPlatforms) = postSolution
		{224F1F3B-7EE4-4836-8DCA-B1D1BB43D404}.Debug|Any CPU.ActiveCfg = Debug|Any CPU
		{224F1F3B-7EE4-4836-8DCA-B1D1BB43D404}.Debug|Any CPU.Build.0 = Debug|Any CPU
		{224F1F3B-7EE4-4836-8DCA-B1D1BB43D404}.Release|Any CPU.ActiveCfg = Release|Any CPU
		{224F1F3B-7EE4-4836-8DCA-B1D1BB43D404}.Release|Any CPU.Build.0 = Release|Any CPU
		{95E8C5A6-81F4-45CD-AC3C-E1B868D48701}.Debug|Any CPU.ActiveCfg = Debug|Any CPU
		{95E8C5A6-81F4-45CD-AC3C-E1B868D48701}.Debug|Any CPU.Build.0 = Debug|Any CPU
		{95E8C5A6-81F4-45CD-AC3C-E1B868D48701}.Release|Any CPU.ActiveCfg = Release|Any CPU
		{95E8C5A6-81F4-45CD-AC3C-E1B868D48701}.Release|Any CPU.Build.0 = Release|Any CPU
	EndGlobalSection
	GlobalSection(SolutionProperties) = preSolution
		HideSolutionNode = FALSE
	EndGlobalSection
	GlobalSection(ExtensibilityGlobals) = postSolution
		SolutionGuid = {61B430E9-CFFF-4EF3-B966-370236EA9E33}
	EndGlobalSection
EndGlobal
